
Microsoft Visual Studio Solution File, Format Version 12.00
# Visual Studio 15
VisualStudioVersion = 15.0.27130.2003
MinimumVisualStudioVersion = 10.0.40219.1
Project("{FAE04EC0-301F-11D3-BF4B-00C04F79EFBC}") = "CharacterSheetApp", "CharacterSheetApp\CharacterSheetApp.csproj", "{39553967-B3BC-4F7C-BC8F-AE465D138794}"
EndProject
Global
	GlobalSection(SolutionConfigurationPlatforms) = preSolution
		Debug|Any CPU = Debug|Any CPU
		Release|Any CPU = Release|Any CPU
	EndGlobalSection
	GlobalSection(ProjectConfigurationPlatforms) = postSolution
		{39553967-B3BC-4F7C-BC8F-AE465D138794}.Debug|Any CPU.ActiveCfg = Debug|Any CPU
		{39553967-B3BC-4F7C-BC8F-AE465D138794}.Debug|Any CPU.Build.0 = Debug|Any CPU
		{39553967-B3BC-4F7C-BC8F-AE465D138794}.Release|Any CPU.ActiveCfg = Release|Any CPU
		{39553967-B3BC-4F7C-BC8F-AE465D138794}.Release|Any CPU.Build.0 = Release|Any CPU
	EndGlobalSection
	GlobalSection(SolutionProperties) = preSolution
		HideSolutionNode = FALSE
	EndGlobalSection
	GlobalSection(ExtensibilityGlobals) = postSolution
		SolutionGuid = {2705F672-8572-4DB2-B926-F4654412D741}
	EndGlobalSection
EndGlobal
